// !$*UTF8*$!
{
	archiveVersion = 1;
	classes = {
	};
	objectVersion = 50;
	objects = {

/* Begin PBXBuildFile section */
		8A581F0226BFE9A100A0CA94 /* SceneDelegate.swift in Sources */ = {isa = PBXBuildFile; fileRef = 8A581F0126BFE9A100A0CA94 /* SceneDelegate.swift */; };
		8A581F0426BFE9A100A0CA94 /* ViewController.swift in Sources */ = {isa = PBXBuildFile; fileRef = 8A581F0326BFE9A100A0CA94 /* ViewController.swift */; };
		8A581F0726BFE9A100A0CA94 /* Main.storyboard in Resources */ = {isa = PBXBuildFile; fileRef = 8A581F0526BFE9A100A0CA94 /* Main.storyboard */; };
		8A581F0926BFE9A200A0CA94 /* Assets.xcassets in Resources */ = {isa = PBXBuildFile; fileRef = 8A581F0826BFE9A200A0CA94 /* Assets.xcassets */; };
		8A581F0C26BFE9A200A0CA94 /* LaunchScreen.storyboard in Resources */ = {isa = PBXBuildFile; fileRef = 8A581F0A26BFE9A200A0CA94 /* LaunchScreen.storyboard */; };
		8A581F1326BFEAED00A0CA94 /* AppDelegate.swift in Sources */ = {isa = PBXBuildFile; fileRef = 8A581EFF26BFE9A100A0CA94 /* AppDelegate.swift */; };
		8A581F1F26C54F0C00A0CA94 /* LoginViewController.swift in Sources */ = {isa = PBXBuildFile; fileRef = 8A581F1E26C54F0C00A0CA94 /* LoginViewController.swift */; };
/* End PBXBuildFile section */

/* Begin PBXFileReference section */
		8A581EFC26BFE9A100A0CA94 /* GBvk.app */ = {isa = PBXFileReference; explicitFileType = wrapper.application; includeInIndex = 0; path = GBvk.app; sourceTree = BUILT_PRODUCTS_DIR; };
		8A581EFF26BFE9A100A0CA94 /* AppDelegate.swift */ = {isa = PBXFileReference; lastKnownFileType = sourcecode.swift; path = AppDelegate.swift; sourceTree = "<group>"; };
		8A581F0126BFE9A100A0CA94 /* SceneDelegate.swift */ = {isa = PBXFileReference; lastKnownFileType = sourcecode.swift; path = SceneDelegate.swift; sourceTree = "<group>"; };
		8A581F0326BFE9A100A0CA94 /* ViewController.swift */ = {isa = PBXFileReference; lastKnownFileType = sourcecode.swift; path = ViewController.swift; sourceTree = "<group>"; };
		8A581F0626BFE9A100A0CA94 /* Base */ = {isa = PBXFileReference; lastKnownFileType = file.storyboard; name = Base; path = Base.lproj/Main.storyboard; sourceTree = "<group>"; };
		8A581F0826BFE9A200A0CA94 /* Assets.xcassets */ = {isa = PBXFileReference; lastKnownFileType = folder.assetcatalog; path = Assets.xcassets; sourceTree = "<group>"; };
		8A581F0B26BFE9A200A0CA94 /* Base */ = {isa = PBXFileReference; lastKnownFileType = file.storyboard; name = Base; path = Base.lproj/LaunchScreen.storyboard; sourceTree = "<group>"; };
		8A581F0D26BFE9A200A0CA94 /* Info.plist */ = {isa = PBXFileReference; lastKnownFileType = text.plist.xml; path = Info.plist; sourceTree = "<group>"; };
		8A581F1E26C54F0C00A0CA94 /* LoginViewController.swift */ = {isa = PBXFileReference; lastKnownFileType = sourcecode.swift; path = LoginViewController.swift; sourceTree = "<group>"; };
/* End PBXFileReference section */

/* Begin PBXFrameworksBuildPhase section */
		8A581EF926BFE9A100A0CA94 /* Frameworks */ = {
			isa = PBXFrameworksBuildPhase;
			buildActionMask = 2147483647;
			files = (
			);
			runOnlyForDeploymentPostprocessing = 0;
		};
/* End PBXFrameworksBuildPhase section */

/* Begin PBXGroup section */
		8A581EF326BFE9A100A0CA94 = {
			isa = PBXGroup;
			children = (
				8A581EFE26BFE9A100A0CA94 /* GBvk */,
				8A581EFD26BFE9A100A0CA94 /* Products */,
			);
			sourceTree = "<group>";
			usesTabs = 1;
		};
		8A581EFD26BFE9A100A0CA94 /* Products */ = {
			isa = PBXGroup;
			children = (
				8A581EFC26BFE9A100A0CA94 /* GBvk.app */,
			);
			name = Products;
			sourceTree = "<group>";
		};
		8A581EFE26BFE9A100A0CA94 /* GBvk */ = {
			isa = PBXGroup;
			children = (
				8A581F1526C045F700A0CA94 /* Application */,
				8A581F1626C0469600A0CA94 /* Main */,
				8A581F1926C0644200A0CA94 /* Presentation */,
				8A581F1726C062AA00A0CA94 /* Resource */,
				8A581F1A26C0648E00A0CA94 /* Configuration */,
			);
			path = GBvk;
			sourceTree = "<group>";
		};
		8A581F1526C045F700A0CA94 /* Application */ = {
			isa = PBXGroup;
			children = (
				8A581EFF26BFE9A100A0CA94 /* AppDelegate.swift */,
				8A581F0126BFE9A100A0CA94 /* SceneDelegate.swift */,
			);
			path = Application;
			sourceTree = "<group>";
		};
		8A581F1626C0469600A0CA94 /* Main */ = {
			isa = PBXGroup;
			children = (
				8A581F0326BFE9A100A0CA94 /* ViewController.swift */,
				8A581F0526BFE9A100A0CA94 /* Main.storyboard */,
			);
			path = Main;
			sourceTree = "<group>";
		};
		8A581F1726C062AA00A0CA94 /* Resource */ = {
			isa = PBXGroup;
			children = (
				8A581F0A26BFE9A200A0CA94 /* LaunchScreen.storyboard */,
				8A581F0826BFE9A200A0CA94 /* Assets.xcassets */,
			);
			path = Resource;
			sourceTree = "<group>";
		};
		8A581F1926C0644200A0CA94 /* Presentation */ = {
			isa = PBXGroup;
			children = (
				8A581F1B26C064E800A0CA94 /* Login */,
			);
			path = Presentation;
			sourceTree = "<group>";
		};
		8A581F1A26C0648E00A0CA94 /* Configuration */ = {
			isa = PBXGroup;
			children = (
				8A581F0D26BFE9A200A0CA94 /* Info.plist */,
			);
			path = Configuration;
			sourceTree = "<group>";
		};
		8A581F1B26C064E800A0CA94 /* Login */ = {
			isa = PBXGroup;
			children = (
				8A581F1E26C54F0C00A0CA94 /* LoginViewController.swift */,
			);
			path = Login;
			sourceTree = "<group>";
		};
/* End PBXGroup section */

/* Begin PBXNativeTarget section */
		8A581EFB26BFE9A100A0CA94 /* GBvk */ = {
			isa = PBXNativeTarget;
			buildConfigurationList = 8A581F1026BFE9A200A0CA94 /* Build configuration list for PBXNativeTarget "GBvk" */;
			buildPhases = (
				8A581EF826BFE9A100A0CA94 /* Sources */,
				8A581EF926BFE9A100A0CA94 /* Frameworks */,
				8A581EFA26BFE9A100A0CA94 /* Resources */,
			);
			buildRules = (
			);
			dependencies = (
			);
			name = GBvk;
			productName = GBvk;
			productReference = 8A581EFC26BFE9A100A0CA94 /* GBvk.app */;
			productType = "com.apple.product-type.application";
		};
/* End PBXNativeTarget section */

/* Begin PBXProject section */
		8A581EF426BFE9A100A0CA94 /* Project object */ = {
			isa = PBXProject;
			attributes = {
				LastSwiftUpdateCheck = 1250;
				LastUpgradeCheck = 1250;
				TargetAttributes = {
					8A581EFB26BFE9A100A0CA94 = {
						CreatedOnToolsVersion = 12.5.1;
					};
				};
			};
			buildConfigurationList = 8A581EF726BFE9A100A0CA94 /* Build configuration list for PBXProject "GBvk" */;
			compatibilityVersion = "Xcode 9.3";
			developmentRegion = en;
			hasScannedForEncodings = 0;
			knownRegions = (
				en,
				Base,
			);
			mainGroup = 8A581EF326BFE9A100A0CA94;
			productRefGroup = 8A581EFD26BFE9A100A0CA94 /* Products */;
			projectDirPath = "";
			projectRoot = "";
			targets = (
				8A581EFB26BFE9A100A0CA94 /* GBvk */,
			);
		};
/* End PBXProject section */

/* Begin PBXResourcesBuildPhase section */
		8A581EFA26BFE9A100A0CA94 /* Resources */ = {
			isa = PBXResourcesBuildPhase;
			buildActionMask = 2147483647;
			files = (
				8A581F0C26BFE9A200A0CA94 /* LaunchScreen.storyboard in Resources */,
				8A581F0926BFE9A200A0CA94 /* Assets.xcassets in Resources */,
				8A581F0726BFE9A100A0CA94 /* Main.storyboard in Resources */,
			);
			runOnlyForDeploymentPostprocessing = 0;
		};
/* End PBXResourcesBuildPhase section */

/* Begin PBXSourcesBuildPhase section */
		8A581EF826BFE9A100A0CA94 /* Sources */ = {
			isa = PBXSourcesBuildPhase;
			buildActionMask = 2147483647;
			files = (
				8A581F1F26C54F0C00A0CA94 /* LoginViewController.swift in Sources */,
				8A581F1326BFEAED00A0CA94 /* AppDelegate.swift in Sources */,
				8A581F0426BFE9A100A0CA94 /* ViewController.swift in Sources */,
				8A581F0226BFE9A100A0CA94 /* SceneDelegate.swift in Sources */,
			);
			runOnlyForDeploymentPostprocessing = 0;
		};
/* End PBXSourcesBuildPhase section */

/* Begin PBXVariantGroup section */
		8A581F0526BFE9A100A0CA94 /* Main.storyboard */ = {
			isa = PBXVariantGroup;
			children = (
				8A581F0626BFE9A100A0CA94 /* Base */,
			);
			name = Main.storyboard;
			sourceTree = "<group>";
		};
		8A581F0A26BFE9A200A0CA94 /* LaunchScreen.storyboard */ = {
			isa = PBXVariantGroup;
			children = (
				8A581F0B26BFE9A200A0CA94 /* Base */,
			);
			name = LaunchScreen.storyboard;
			sourceTree = "<group>";
		};
/* End PBXVariantGroup section */

/* Begin XCBuildConfiguration section */
		8A581F0E26BFE9A200A0CA94 /* Debug */ = {
			isa = XCBuildConfiguration;
			buildSettings = {
				ALWAYS_SEARCH_USER_PATHS = NO;
				CLANG_ANALYZER_NONNULL = YES;
				CLANG_ANALYZER_NUMBER_OBJECT_CONVERSION = YES_AGGRESSIVE;
				CLANG_CXX_LANGUAGE_STANDARD = "gnu++14";
				CLANG_CXX_LIBRARY = "libc++";
				CLANG_ENABLE_MODULES = YES;
				CLANG_ENABLE_OBJC_ARC = YES;
				CLANG_ENABLE_OBJC_WEAK = YES;
				CLANG_WARN_BLOCK_CAPTURE_AUTORELEASING = YES;
				CLANG_WARN_BOOL_CONVERSION = YES;
				CLANG_WARN_COMMA = YES;
				CLANG_WARN_CONSTANT_CONVERSION = YES;
				CLANG_WARN_DEPRECATED_OBJC_IMPLEMENTATIONS = YES;
				CLANG_WARN_DIRECT_OBJC_ISA_USAGE = YES_ERROR;
				CLANG_WARN_DOCUMENTATION_COMMENTS = YES;
				CLANG_WARN_EMPTY_BODY = YES;
				CLANG_WARN_ENUM_CONVERSION = YES;
				CLANG_WARN_INFINITE_RECURSION = YES;
				CLANG_WARN_INT_CONVERSION = YES;
				CLANG_WARN_NON_LITERAL_NULL_CONVERSION = YES;
				CLANG_WARN_OBJC_IMPLICIT_RETAIN_SELF = YES;
				CLANG_WARN_OBJC_LITERAL_CONVERSION = YES;
				CLANG_WARN_OBJC_ROOT_CLASS = YES_ERROR;
				CLANG_WARN_QUOTED_INCLUDE_IN_FRAMEWORK_HEADER = YES;
				CLANG_WARN_RANGE_LOOP_ANALYSIS = YES;
				CLANG_WARN_STRICT_PROTOTYPES = YES;
				CLANG_WARN_SUSPICIOUS_MOVE = YES;
				CLANG_WARN_UNGUARDED_AVAILABILITY = YES_AGGRESSIVE;
				CLANG_WARN_UNREACHABLE_CODE = YES;
				CLANG_WARN__DUPLICATE_METHOD_MATCH = YES;
				COPY_PHASE_STRIP = NO;
				DEBUG_INFORMATION_FORMAT = dwarf;
				ENABLE_STRICT_OBJC_MSGSEND = YES;
				ENABLE_TESTABILITY = YES;
				GCC_C_LANGUAGE_STANDARD = gnu11;
				GCC_DYNAMIC_NO_PIC = NO;
				GCC_NO_COMMON_BLOCKS = YES;
				GCC_OPTIMIZATION_LEVEL = 0;
				GCC_PREPROCESSOR_DEFINITIONS = (
					"DEBUG=1",
					"$(inherited)",
				);
				GCC_WARN_64_TO_32_BIT_CONVERSION = YES;
				GCC_WARN_ABOUT_RETURN_TYPE = YES_ERROR;
				GCC_WARN_UNDECLARED_SELECTOR = YES;
				GCC_WARN_UNINITIALIZED_AUTOS = YES_AGGRESSIVE;
				GCC_WARN_UNUSED_FUNCTION = YES;
				GCC_WARN_UNUSED_VARIABLE = YES;
				INFOPLIST_FILE = GBvk/Configuration/Info.plist;
				IPHONEOS_DEPLOYMENT_TARGET = 14.3;
				MTL_ENABLE_DEBUG_INFO = INCLUDE_SOURCE;
				MTL_FAST_MATH = YES;
				ONLY_ACTIVE_ARCH = YES;
				SDKROOT = iphoneos;
				SWIFT_ACTIVE_COMPILATION_CONDITIONS = DEBUG;
				SWIFT_OPTIMIZATION_LEVEL = "-Onone";
			};
			name = Debug;
		};
		8A581F0F26BFE9A200A0CA94 /* Release */ = {
			isa = XCBuildConfiguration;
			buildSettings = {
				ALWAYS_SEARCH_USER_PATHS = NO;
				CLANG_ANALYZER_NONNULL = YES;
				CLANG_ANALYZER_NUMBER_OBJECT_CONVERSION = YES_AGGRESSIVE;
				CLANG_CXX_LANGUAGE_STANDARD = "gnu++14";
				CLANG_CXX_LIBRARY = "libc++";
				CLANG_ENABLE_MODULES = YES;
				CLANG_ENABLE_OBJC_ARC = YES;
				CLANG_ENABLE_OBJC_WEAK = YES;
				CLANG_WARN_BLOCK_CAPTURE_AUTORELEASING = YES;
				CLANG_WARN_BOOL_CONVERSION = YES;
				CLANG_WARN_COMMA = YES;
				CLANG_WARN_CONSTANT_CONVERSION = YES;
				CLANG_WARN_DEPRECATED_OBJC_IMPLEMENTATIONS = YES;
				CLANG_WARN_DIRECT_OBJC_ISA_USAGE = YES_ERROR;
				CLANG_WARN_DOCUMENTATION_COMMENTS = YES;
				CLANG_WARN_EMPTY_BODY = YES;
				CLANG_WARN_ENUM_CONVERSION = YES;
				CLANG_WARN_INFINITE_RECURSION = YES;
				CLANG_WARN_INT_CONVERSION = YES;
				CLANG_WARN_NON_LITERAL_NULL_CONVERSION = YES;
				CLANG_WARN_OBJC_IMPLICIT_RETAIN_SELF = YES;
				CLANG_WARN_OBJC_LITERAL_CONVERSION = YES;
				CLANG_WARN_OBJC_ROOT_CLASS = YES_ERROR;
				CLANG_WARN_QUOTED_INCLUDE_IN_FRAMEWORK_HEADER = YES;
				CLANG_WARN_RANGE_LOOP_ANALYSIS = YES;
				CLANG_WARN_STRICT_PROTOTYPES = YES;
				CLANG_WARN_SUSPICIOUS_MOVE = YES;
				CLANG_WARN_UNGUARDED_AVAILABILITY = YES_AGGRESSIVE;
				CLANG_WARN_UNREACHABLE_CODE = YES;
				CLANG_WARN__DUPLICATE_METHOD_MATCH = YES;
				COPY_PHASE_STRIP = NO;
				DEBUG_INFORMATION_FORMAT = "dwarf-with-dsym";
				ENABLE_NS_ASSERTIONS = NO;
				ENABLE_STRICT_OBJC_MSGSEND = YES;
				GCC_C_LANGUAGE_STANDARD = gnu11;
				GCC_NO_COMMON_BLOCKS = YES;
				GCC_WARN_64_TO_32_BIT_CONVERSION = YES;
				GCC_WARN_ABOUT_RETURN_TYPE = YES_ERROR;
				GCC_WARN_UNDECLARED_SELECTOR = YES;
				GCC_WARN_UNINITIALIZED_AUTOS = YES_AGGRESSIVE;
				GCC_WARN_UNUSED_FUNCTION = YES;
				GCC_WARN_UNUSED_VARIABLE = YES;
				INFOPLIST_FILE = GBvk/Configuration/Info.plist;
				IPHONEOS_DEPLOYMENT_TARGET = 14.3;
				MTL_ENABLE_DEBUG_INFO = NO;
				MTL_FAST_MATH = YES;
				SDKROOT = iphoneos;
				SWIFT_COMPILATION_MODE = wholemodule;
				SWIFT_OPTIMIZATION_LEVEL = "-O";
				VALIDATE_PRODUCT = YES;
			};
			name = Release;
		};
		8A581F1126BFE9A200A0CA94 /* Debug */ = {
			isa = XCBuildConfiguration;
			buildSettings = {
				ASSETCATALOG_COMPILER_APPICON_NAME = AppIcon;
				ASSETCATALOG_COMPILER_GLOBAL_ACCENT_COLOR_NAME = AccentColor;
				CODE_SIGN_STYLE = Automatic;
				CURRENT_PROJECT_VERSION = 1;
				DEVELOPMENT_TEAM = LMR665Q933;
				INFOPLIST_FILE = GBvk/Configuration/Info.plist;
				IPHONEOS_DEPLOYMENT_TARGET = 14.3;
				LD_RUNPATH_SEARCH_PATHS = (
					"$(inherited)",
					"@executable_path/Frameworks",
				);
				MARKETING_VERSION = 1.0;
				PRODUCT_BUNDLE_IDENTIFIER = RomanMikhaylov.GBvk;
				PRODUCT_NAME = "$(TARGET_NAME)";
				SWIFT_VERSION = 5.0;
				TARGETED_DEVICE_FAMILY = 1;
			};
			name = Debug;
		};
		8A581F1226BFE9A200A0CA94 /* Release */ = {
			isa = XCBuildConfiguration;
			buildSettings = {
				ASSETCATALOG_COMPILER_APPICON_NAME = AppIcon;
				ASSETCATALOG_COMPILER_GLOBAL_ACCENT_COLOR_NAME = AccentColor;
				CODE_SIGN_STYLE = Automatic;
				CURRENT_PROJECT_VERSION = 1;
				DEVELOPMENT_TEAM = LMR665Q933;
				INFOPLIST_FILE = GBvk/Configuration/Info.plist;
				IPHONEOS_DEPLOYMENT_TARGET = 14.3;
				LD_RUNPATH_SEARCH_PATHS = (
					"$(inherited)",
					"@executable_path/Frameworks",
				);
				MARKETING_VERSION = 1.0;
				PRODUCT_BUNDLE_IDENTIFIER = RomanMikhaylov.GBvk;
				PRODUCT_NAME = "$(TARGET_NAME)";
				SWIFT_VERSION = 5.0;
				TARGETED_DEVICE_FAMILY = 1;
			};
			name = Release;
		};
/* End XCBuildConfiguration section */

/* Begin XCConfigurationList section */
		8A581EF726BFE9A100A0CA94 /* Build configuration list for PBXProject "GBvk" */ = {
			isa = XCConfigurationList;
			buildConfigurations = (
				8A581F0E26BFE9A200A0CA94 /* Debug */,
				8A581F0F26BFE9A200A0CA94 /* Release */,
			);
			defaultConfigurationIsVisible = 0;
			defaultConfigurationName = Release;
		};
		8A581F1026BFE9A200A0CA94 /* Build configuration list for PBXNativeTarget "GBvk" */ = {
			isa = XCConfigurationList;
			buildConfigurations = (
				8A581F1126BFE9A200A0CA94 /* Debug */,
				8A581F1226BFE9A200A0CA94 /* Release */,
			);
			defaultConfigurationIsVisible = 0;
			defaultConfigurationName = Release;
		};
/* End XCConfigurationList section */
	};
	rootObject = 8A581EF426BFE9A100A0CA94 /* Project object */;
}
